
Microsoft Visual Studio Solution File, Format Version 12.00
# Visual Studio 15
VisualStudioVersion = 15.0.27703.2000
MinimumVisualStudioVersion = 10.0.40219.1
Project("{FAE04EC0-301F-11D3-BF4B-00C04F79EFBC}") = "RestoranMenu", "MainForm\RestoranMenu.csproj", "{88628D32-CC79-45C6-BD26-C153FA72A11A}"
EndProject
Global
	GlobalSection(SolutionConfigurationPlatforms) = preSolution
		Debug|Any CPU = Debug|Any CPU
		Release|Any CPU = Release|Any CPU
	EndGlobalSection
	GlobalSection(ProjectConfigurationPlatforms) = postSolution
		{88628D32-CC79-45C6-BD26-C153FA72A11A}.Debug|Any CPU.ActiveCfg = Debug|Any CPU
		{88628D32-CC79-45C6-BD26-C153FA72A11A}.Debug|Any CPU.Build.0 = Debug|Any CPU
		{88628D32-CC79-45C6-BD26-C153FA72A11A}.Release|Any CPU.ActiveCfg = Release|Any CPU
		{88628D32-CC79-45C6-BD26-C153FA72A11A}.Release|Any CPU.Build.0 = Release|Any CPU
	EndGlobalSection
	GlobalSection(SolutionProperties) = preSolution
		HideSolutionNode = FALSE
	EndGlobalSection
	GlobalSection(ExtensibilityGlobals) = postSolution
		SolutionGuid = {6994E64E-2D87-400A-BD54-B31830292EA3}
	EndGlobalSection
EndGlobal
